
Microsoft Visual Studio Solution File, Format Version 12.00
# Visual Studio Version 17
VisualStudioVersion = 17.14.36511.14
MinimumVisualStudioVersion = 10.0.40219.1
Project("{2150E333-8FDC-42A3-9474-1A3956D46DE8}") = "task0", "task0", "{02EA681E-C7D8-13C7-8484-4AC65E1B71E8}"
EndProject
Project("{FAE04EC0-301F-11D3-BF4B-00C04F79EFBC}") = "Tyuiu.AfoninME.Sprint6.Task0.V7.Lib", "Tyuiu.AfoninME.Sprint6.Task0.V7.Lib\Tyuiu.AfoninME.Sprint6.Task0.V7.Lib.csproj", "{6C29F11F-748A-41C1-A711-9571275CD5FD}"
EndProject
Project("{FAE04EC0-301F-11D3-BF4B-00C04F79EFBC}") = "Tyuiu.AfoninME.Sprint6.Task0.V7.Test", "Tyuiu.AfoninME.Sprint6.Task0.V7.Test\Tyuiu.AfoninME.Sprint6.Task0.V7.Test.csproj", "{CCB3C282-0148-45E8-A335-578BD0C6F7A8}"
EndProject
Project("{FAE04EC0-301F-11D3-BF4B-00C04F79EFBC}") = "Tyuiu.AfoninME.Sprint6.Task0.V7", "Tyuiu.AfoninME.Sprint6.Task0.V7\Tyuiu.AfoninME.Sprint6.Task0.V7.csproj", "{3220ADC0-C2E6-4B16-9B5A-A7081A19CCB3}"
EndProject
Project("{2150E333-8FDC-42A3-9474-1A3956D46DE8}") = "task1", "task1", "{17EA8234-DF6E-434D-8E72-9473B7B2B793}"
EndProject
Project("{FAE04EC0-301F-11D3-BF4B-00C04F79EFBC}") = "Tyuiu.AfoninME.Sprint6.Task1.V28.Lib", "Tyuiu.AfoninME.Sprint6.Task1.V28.Lib\Tyuiu.AfoninME.Sprint6.Task1.V28.Lib.csproj", "{EFC2A699-998F-4467-9DB2-D228DE456E3A}"
EndProject
Project("{FAE04EC0-301F-11D3-BF4B-00C04F79EFBC}") = "Tyuiu.AfoninME.Sprint6.Task1.V28.Test", "Tyuiu.AfoninME.Sprint6.Task1.V28.Test\Tyuiu.AfoninME.Sprint6.Task1.V28.Test.csproj", "{243E7F20-1804-4BC2-AF8A-C39907FFC641}"
EndProject
Project("{FAE04EC0-301F-11D3-BF4B-00C04F79EFBC}") = "Tyuiu.AfoninME.Sprint6.Task1.V28", "Tyuiu.AfoninME.Sprint6.Task1.V28\Tyuiu.AfoninME.Sprint6.Task1.V28.csproj", "{77561B56-0E04-446D-8372-221294C3A9E8}"
EndProject
Project("{2150E333-8FDC-42A3-9474-1A3956D46DE8}") = "task2", "task2", "{BC6DA3FB-BA2A-4DAA-98CD-2089898ACD77}"
EndProject
Project("{FAE04EC0-301F-11D3-BF4B-00C04F79EFBC}") = "Tyuiu.AfoninME.Sprint6.Task2.V10.Lib", "Tyuiu.AfoninME.Sprint6.Task2.V10.Lib\Tyuiu.AfoninME.Sprint6.Task2.V10.Lib.csproj", "{9EC3A31D-691D-42EA-A331-1E4E85FAC20D}"
EndProject
Project("{FAE04EC0-301F-11D3-BF4B-00C04F79EFBC}") = "Tyuiu.AfoninME.Sprint6.Task2.V10", "Tyuiu.AfoninME.Sprint6.Task2.V10\Tyuiu.AfoninME.Sprint6.Task2.V10.csproj", "{EE6C93BD-A0E1-41B8-B830-A394C89A5EF5}"
EndProject
Project("{FAE04EC0-301F-11D3-BF4B-00C04F79EFBC}") = "Tyuiu.AfoninME.Sprint6.Task2.V10.Test", "Tyuiu.AfoninME.Sprint6.Task2.V10.Test\Tyuiu.AfoninME.Sprint6.Task2.V10.Test.csproj", "{79119661-F24B-416E-BF75-7E41F5B0B717}"
EndProject
Project("{2150E333-8FDC-42A3-9474-1A3956D46DE8}") = "task3", "task3", "{BFA53D55-7AB3-418C-8113-7964287B0E02}"
EndProject
Project("{FAE04EC0-301F-11D3-BF4B-00C04F79EFBC}") = "Tyuiu.AfoninME.Sprint6.Task3.V5.Lib", "Tyuiu.AfoninME.Sprint6.Task3.V5.Lib\Tyuiu.AfoninME.Sprint6.Task3.V5.Lib.csproj", "{A0C08365-433C-47AD-9096-70A1C65A3A29}"
EndProject
Project("{FAE04EC0-301F-11D3-BF4B-00C04F79EFBC}") = "Tyuiu.AfoninME.Sprint6.Task3.V5.Test", "Tyuiu.AfoninME.Sprint6.Task3.V5.Test\Tyuiu.AfoninME.Sprint6.Task3.V5.Test.csproj", "{31EEF787-6705-4760-8BA8-21840825C904}"
EndProject
Project("{FAE04EC0-301F-11D3-BF4B-00C04F79EFBC}") = "Tyuiu.AfoninME.Sprint6.Task3.V5", "Tyuiu.AfoninME.Sprint6.Task3.V5\Tyuiu.AfoninME.Sprint6.Task3.V5.csproj", "{0936D490-0011-461A-8799-8E9FDA4D2151}"
EndProject
Project("{2150E333-8FDC-42A3-9474-1A3956D46DE8}") = "task4", "task4", "{7965E185-9BD1-4D1B-860E-737DA38293AA}"
EndProject
Project("{FAE04EC0-301F-11D3-BF4B-00C04F79EFBC}") = "Tyuiu.AfoninME.Sprint6.Task4.V17.Lib", "Tyuiu.AfoninME.Sprint6.Task4.V17.Lib\Tyuiu.AfoninME.Sprint6.Task4.V17.Lib.csproj", "{01400247-49C6-40D8-92AA-1971BFE94B18}"
EndProject
Project("{FAE04EC0-301F-11D3-BF4B-00C04F79EFBC}") = "Tyuiu.AfoninME.Sprint6.Task4.V17.Test", "Tyuiu.AfoninME.Sprint6.Task4.V17.Test\Tyuiu.AfoninME.Sprint6.Task4.V17.Test.csproj", "{5A516EB6-6C31-450B-8A16-C6EFFAA1C866}"
EndProject
Project("{FAE04EC0-301F-11D3-BF4B-00C04F79EFBC}") = "Tyuiu.AfoninME.Sprint6.Task4.V17", "Tyuiu.AfoninME.Sprint6.Task4.V17\Tyuiu.AfoninME.Sprint6.Task4.V17.csproj", "{69DB3A1A-0BB6-4728-9AD1-93599309BFAD}"
EndProject
Project("{2150E333-8FDC-42A3-9474-1A3956D46DE8}") = "task5", "task5", "{7A58993A-BE51-4705-8D66-3EDB6B92654A}"
EndProject
Project("{FAE04EC0-301F-11D3-BF4B-00C04F79EFBC}") = "Tyuiu.AfoninME.Sprint6.Task5.V13.Lib", "Tyuiu.AfoninME.Sprint6.Task5.V13.Lib\Tyuiu.AfoninME.Sprint6.Task5.V13.Lib.csproj", "{FD0FD856-C300-4F79-998E-D43FFE6B1EA8}"
EndProject
Project("{FAE04EC0-301F-11D3-BF4B-00C04F79EFBC}") = "Tyuiu.AfoninME.Sprint6.Task5.V13.Test", "Tyuiu.AfoninME.Sprint6.Task5.V13.Test\Tyuiu.AfoninME.Sprint6.Task5.V13.Test.csproj", "{1192C46A-1169-4CAA-8460-FE727D53C542}"
EndProject
Project("{FAE04EC0-301F-11D3-BF4B-00C04F79EFBC}") = "Tyuiu.AfoninME.Sprint6.Task5.V13", "Tyuiu.AfoninME.Sprint6.Task5.V13\Tyuiu.AfoninME.Sprint6.Task5.V13.csproj", "{410D227E-30EC-4DA5-8FAB-30619DB160BD}"
EndProject
Project("{2150E333-8FDC-42A3-9474-1A3956D46DE8}") = "task6", "task6", "{A8DC3BA0-732C-4387-9359-5756831CAE90}"
EndProject
Project("{FAE04EC0-301F-11D3-BF4B-00C04F79EFBC}") = "Tyuiu.AfoninME.Sprint6.Task6.V10.Lib", "Tyuiu.AfoninME.Sprint6.Task6.V10.Lib\Tyuiu.AfoninME.Sprint6.Task6.V10.Lib.csproj", "{F87739B6-195A-4466-9F9B-5B4DCB3F3367}"
EndProject
Project("{FAE04EC0-301F-11D3-BF4B-00C04F79EFBC}") = "Tyuiu.AfoninME.Sprint6.Task6.V10.Test", "Tyuiu.AfoninME.Sprint6.Task6.V10.Test\Tyuiu.AfoninME.Sprint6.Task6.V10.Test.csproj", "{48018AD6-06AC-4391-AF68-DE89446C8E4D}"
EndProject
Project("{FAE04EC0-301F-11D3-BF4B-00C04F79EFBC}") = "Tyuiu.AfoninME.Sprint6.Task6.V10", "Tyuiu.AfoninME.Sprint6.Task6.V10\Tyuiu.AfoninME.Sprint6.Task6.V10.csproj", "{C04E63B3-7AB5-42A0-A527-CDB6ACEDAB4A}"
EndProject
Project("{2150E333-8FDC-42A3-9474-1A3956D46DE8}") = "task7", "task7", "{7FB17FCA-B55B-455C-8433-DAAA0B83C5B2}"
EndProject
Project("{FAE04EC0-301F-11D3-BF4B-00C04F79EFBC}") = "Tyuiu.AfoninME.Sprint6.Task7.V26.Lib", "Tyuiu.AfoninME.Sprint6.Task7.V26.Lib\Tyuiu.AfoninME.Sprint6.Task7.V26.Lib.csproj", "{8162C62B-EC93-4354-A3BF-A13C94A2403F}"
EndProject
Project("{FAE04EC0-301F-11D3-BF4B-00C04F79EFBC}") = "Tyuiu.AfoninME.Sprint6.Task7.V26.Test", "Tyuiu.AfoninME.Sprint6.Task7.V26.Test\Tyuiu.AfoninME.Sprint6.Task7.V26.Test.csproj", "{45D4293D-EBF9-4202-8D05-AF52700E296E}"
EndProject
Project("{FAE04EC0-301F-11D3-BF4B-00C04F79EFBC}") = "Tyuiu.AfoninME.Sprint6.Task7.V26", "Tyuiu.AfoninME.Sprint6.Task7.V26\Tyuiu.AfoninME.Sprint6.Task7.V26.csproj", "{3F144DFF-60EB-4291-B37B-E388C7B6B8BE}"
EndProject
Global
	GlobalSection(SolutionConfigurationPlatforms) = preSolution
		Debug|Any CPU = Debug|Any CPU
		Release|Any CPU = Release|Any CPU
	EndGlobalSection
	GlobalSection(ProjectConfigurationPlatforms) = postSolution
		{6C29F11F-748A-41C1-A711-9571275CD5FD}.Debug|Any CPU.ActiveCfg = Debug|Any CPU
		{6C29F11F-748A-41C1-A711-9571275CD5FD}.Debug|Any CPU.Build.0 = Debug|Any CPU
		{6C29F11F-748A-41C1-A711-9571275CD5FD}.Release|Any CPU.ActiveCfg = Release|Any CPU
		{6C29F11F-748A-41C1-A711-9571275CD5FD}.Release|Any CPU.Build.0 = Release|Any CPU
		{CCB3C282-0148-45E8-A335-578BD0C6F7A8}.Debug|Any CPU.ActiveCfg = Debug|Any CPU
		{CCB3C282-0148-45E8-A335-578BD0C6F7A8}.Debug|Any CPU.Build.0 = Debug|Any CPU
		{CCB3C282-0148-45E8-A335-578BD0C6F7A8}.Release|Any CPU.ActiveCfg = Release|Any CPU
		{CCB3C282-0148-45E8-A335-578BD0C6F7A8}.Release|Any CPU.Build.0 = Release|Any CPU
		{3220ADC0-C2E6-4B16-9B5A-A7081A19CCB3}.Debug|Any CPU.ActiveCfg = Debug|Any CPU
		{3220ADC0-C2E6-4B16-9B5A-A7081A19CCB3}.Debug|Any CPU.Build.0 = Debug|Any CPU
		{3220ADC0-C2E6-4B16-9B5A-A7081A19CCB3}.Release|Any CPU.ActiveCfg = Release|Any CPU
		{3220ADC0-C2E6-4B16-9B5A-A7081A19CCB3}.Release|Any CPU.Build.0 = Release|Any CPU
		{EFC2A699-998F-4467-9DB2-D228DE456E3A}.Debug|Any CPU.ActiveCfg = Debug|Any CPU
		{EFC2A699-998F-4467-9DB2-D228DE456E3A}.Debug|Any CPU.Build.0 = Debug|Any CPU
		{EFC2A699-998F-4467-9DB2-D228DE456E3A}.Release|Any CPU.ActiveCfg = Release|Any CPU
		{EFC2A699-998F-4467-9DB2-D228DE456E3A}.Release|Any CPU.Build.0 = Release|Any CPU
		{243E7F20-1804-4BC2-AF8A-C39907FFC641}.Debug|Any CPU.ActiveCfg = Debug|Any CPU
		{243E7F20-1804-4BC2-AF8A-C39907FFC641}.Debug|Any CPU.Build.0 = Debug|Any CPU
		{243E7F20-1804-4BC2-AF8A-C39907FFC641}.Release|Any CPU.ActiveCfg = Release|Any CPU
		{243E7F20-1804-4BC2-AF8A-C39907FFC641}.Release|Any CPU.Build.0 = Release|Any CPU
		{77561B56-0E04-446D-8372-221294C3A9E8}.Debug|Any CPU.ActiveCfg = Debug|Any CPU
		{77561B56-0E04-446D-8372-221294C3A9E8}.Debug|Any CPU.Build.0 = Debug|Any CPU
		{77561B56-0E04-446D-8372-221294C3A9E8}.Release|Any CPU.ActiveCfg = Release|Any CPU
		{77561B56-0E04-446D-8372-221294C3A9E8}.Release|Any CPU.Build.0 = Release|Any CPU
		{9EC3A31D-691D-42EA-A331-1E4E85FAC20D}.Debug|Any CPU.ActiveCfg = Debug|Any CPU
		{9EC3A31D-691D-42EA-A331-1E4E85FAC20D}.Debug|Any CPU.Build.0 = Debug|Any CPU
		{9EC3A31D-691D-42EA-A331-1E4E85FAC20D}.Release|Any CPU.ActiveCfg = Release|Any CPU
		{9EC3A31D-691D-42EA-A331-1E4E85FAC20D}.Release|Any CPU.Build.0 = Release|Any CPU
		{EE6C93BD-A0E1-41B8-B830-A394C89A5EF5}.Debug|Any CPU.ActiveCfg = Debug|Any CPU
		{EE6C93BD-A0E1-41B8-B830-A394C89A5EF5}.Debug|Any CPU.Build.0 = Debug|Any CPU
		{EE6C93BD-A0E1-41B8-B830-A394C89A5EF5}.Release|Any CPU.ActiveCfg = Release|Any CPU
		{EE6C93BD-A0E1-41B8-B830-A394C89A5EF5}.Release|Any CPU.Build.0 = Release|Any CPU
		{79119661-F24B-416E-BF75-7E41F5B0B717}.Debug|Any CPU.ActiveCfg = Debug|Any CPU
		{79119661-F24B-416E-BF75-7E41F5B0B717}.Debug|Any CPU.Build.0 = Debug|Any CPU
		{79119661-F24B-416E-BF75-7E41F5B0B717}.Release|Any CPU.ActiveCfg = Release|Any CPU
		{79119661-F24B-416E-BF75-7E41F5B0B717}.Release|Any CPU.Build.0 = Release|Any CPU
		{A0C08365-433C-47AD-9096-70A1C65A3A29}.Debug|Any CPU.ActiveCfg = Debug|Any CPU
		{A0C08365-433C-47AD-9096-70A1C65A3A29}.Debug|Any CPU.Build.0 = Debug|Any CPU
		{A0C08365-433C-47AD-9096-70A1C65A3A29}.Release|Any CPU.ActiveCfg = Release|Any CPU
		{A0C08365-433C-47AD-9096-70A1C65A3A29}.Release|Any CPU.Build.0 = Release|Any CPU
		{31EEF787-6705-4760-8BA8-21840825C904}.Debug|Any CPU.ActiveCfg = Debug|Any CPU
		{31EEF787-6705-4760-8BA8-21840825C904}.Debug|Any CPU.Build.0 = Debug|Any CPU
		{31EEF787-6705-4760-8BA8-21840825C904}.Release|Any CPU.ActiveCfg = Release|Any CPU
		{31EEF787-6705-4760-8BA8-21840825C904}.Release|Any CPU.Build.0 = Release|Any CPU
		{0936D490-0011-461A-8799-8E9FDA4D2151}.Debug|Any CPU.ActiveCfg = Debug|Any CPU
		{0936D490-0011-461A-8799-8E9FDA4D2151}.Debug|Any CPU.Build.0 = Debug|Any CPU
		{0936D490-0011-461A-8799-8E9FDA4D2151}.Release|Any CPU.ActiveCfg = Release|Any CPU
		{0936D490-0011-461A-8799-8E9FDA4D2151}.Release|Any CPU.Build.0 = Release|Any CPU
		{01400247-49C6-40D8-92AA-1971BFE94B18}.Debug|Any CPU.ActiveCfg = Debug|Any CPU
		{01400247-49C6-40D8-92AA-1971BFE94B18}.Debug|Any CPU.Build.0 = Debug|Any CPU
		{01400247-49C6-40D8-92AA-1971BFE94B18}.Release|Any CPU.ActiveCfg = Release|Any CPU
		{01400247-49C6-40D8-92AA-1971BFE94B18}.Release|Any CPU.Build.0 = Release|Any CPU
		{5A516EB6-6C31-450B-8A16-C6EFFAA1C866}.Debug|Any CPU.ActiveCfg = Debug|Any CPU
		{5A516EB6-6C31-450B-8A16-C6EFFAA1C866}.Debug|Any CPU.Build.0 = Debug|Any CPU
		{5A516EB6-6C31-450B-8A16-C6EFFAA1C866}.Release|Any CPU.ActiveCfg = Release|Any CPU
		{5A516EB6-6C31-450B-8A16-C6EFFAA1C866}.Release|Any CPU.Build.0 = Release|Any CPU
		{69DB3A1A-0BB6-4728-9AD1-93599309BFAD}.Debug|Any CPU.ActiveCfg = Debug|Any CPU
		{69DB3A1A-0BB6-4728-9AD1-93599309BFAD}.Debug|Any CPU.Build.0 = Debug|Any CPU
		{69DB3A1A-0BB6-4728-9AD1-93599309BFAD}.Release|Any CPU.ActiveCfg = Release|Any CPU
		{69DB3A1A-0BB6-4728-9AD1-93599309BFAD}.Release|Any CPU.Build.0 = Release|Any CPU
		{FD0FD856-C300-4F79-998E-D43FFE6B1EA8}.Debug|Any CPU.ActiveCfg = Debug|Any CPU
		{FD0FD856-C300-4F79-998E-D43FFE6B1EA8}.Debug|Any CPU.Build.0 = Debug|Any CPU
		{FD0FD856-C300-4F79-998E-D43FFE6B1EA8}.Release|Any CPU.ActiveCfg = Release|Any CPU
		{FD0FD856-C300-4F79-998E-D43FFE6B1EA8}.Release|Any CPU.Build.0 = Release|Any CPU
		{1192C46A-1169-4CAA-8460-FE727D53C542}.Debug|Any CPU.ActiveCfg = Debug|Any CPU
		{1192C46A-1169-4CAA-8460-FE727D53C542}.Debug|Any CPU.Build.0 = Debug|Any CPU
		{1192C46A-1169-4CAA-8460-FE727D53C542}.Release|Any CPU.ActiveCfg = Release|Any CPU
		{1192C46A-1169-4CAA-8460-FE727D53C542}.Release|Any CPU.Build.0 = Release|Any CPU
		{410D227E-30EC-4DA5-8FAB-30619DB160BD}.Debug|Any CPU.ActiveCfg = Debug|Any CPU
		{410D227E-30EC-4DA5-8FAB-30619DB160BD}.Debug|Any CPU.Build.0 = Debug|Any CPU
		{410D227E-30EC-4DA5-8FAB-30619DB160BD}.Release|Any CPU.ActiveCfg = Release|Any CPU
		{410D227E-30EC-4DA5-8FAB-30619DB160BD}.Release|Any CPU.Build.0 = Release|Any CPU
		{F87739B6-195A-4466-9F9B-5B4DCB3F3367}.Debug|Any CPU.ActiveCfg = Debug|Any CPU
		{F87739B6-195A-4466-9F9B-5B4DCB3F3367}.Debug|Any CPU.Build.0 = Debug|Any CPU
		{F87739B6-195A-4466-9F9B-5B4DCB3F3367}.Release|Any CPU.ActiveCfg = Release|Any CPU
		{F87739B6-195A-4466-9F9B-5B4DCB3F3367}.Release|Any CPU.Build.0 = Release|Any CPU
		{48018AD6-06AC-4391-AF68-DE89446C8E4D}.Debug|Any CPU.ActiveCfg = Debug|Any CPU
		{48018AD6-06AC-4391-AF68-DE89446C8E4D}.Debug|Any CPU.Build.0 = Debug|Any CPU
		{48018AD6-06AC-4391-AF68-DE89446C8E4D}.Release|Any CPU.ActiveCfg = Release|Any CPU
		{48018AD6-06AC-4391-AF68-DE89446C8E4D}.Release|Any CPU.Build.0 = Release|Any CPU
		{C04E63B3-7AB5-42A0-A527-CDB6ACEDAB4A}.Debug|Any CPU.ActiveCfg = Debug|Any CPU
		{C04E63B3-7AB5-42A0-A527-CDB6ACEDAB4A}.Debug|Any CPU.Build.0 = Debug|Any CPU
		{C04E63B3-7AB5-42A0-A527-CDB6ACEDAB4A}.Release|Any CPU.ActiveCfg = Release|Any CPU
		{C04E63B3-7AB5-42A0-A527-CDB6ACEDAB4A}.Release|Any CPU.Build.0 = Release|Any CPU
		{8162C62B-EC93-4354-A3BF-A13C94A2403F}.Debug|Any CPU.ActiveCfg = Debug|Any CPU
		{8162C62B-EC93-4354-A3BF-A13C94A2403F}.Debug|Any CPU.Build.0 = Debug|Any CPU
		{8162C62B-EC93-4354-A3BF-A13C94A2403F}.Release|Any CPU.ActiveCfg = Release|Any CPU
		{8162C62B-EC93-4354-A3BF-A13C94A2403F}.Release|Any CPU.Build.0 = Release|Any CPU
		{45D4293D-EBF9-4202-8D05-AF52700E296E}.Debug|Any CPU.ActiveCfg = Debug|Any CPU
		{45D4293D-EBF9-4202-8D05-AF52700E296E}.Debug|Any CPU.Build.0 = Debug|Any CPU
		{45D4293D-EBF9-4202-8D05-AF52700E296E}.Release|Any CPU.ActiveCfg = Release|Any CPU
		{45D4293D-EBF9-4202-8D05-AF52700E296E}.Release|Any CPU.Build.0 = Release|Any CPU
		{3F144DFF-60EB-4291-B37B-E388C7B6B8BE}.Debug|Any CPU.ActiveCfg = Debug|Any CPU
		{3F144DFF-60EB-4291-B37B-E388C7B6B8BE}.Debug|Any CPU.Build.0 = Debug|Any CPU
		{3F144DFF-60EB-4291-B37B-E388C7B6B8BE}.Release|Any CPU.ActiveCfg = Release|Any CPU
		{3F144DFF-60EB-4291-B37B-E388C7B6B8BE}.Release|Any CPU.Build.0 = Release|Any CPU
	EndGlobalSection
	GlobalSection(SolutionProperties) = preSolution
		HideSolutionNode = FALSE
	EndGlobalSection
	GlobalSection(NestedProjects) = preSolution
		{6C29F11F-748A-41C1-A711-9571275CD5FD} = {02EA681E-C7D8-13C7-8484-4AC65E1B71E8}
		{CCB3C282-0148-45E8-A335-578BD0C6F7A8} = {02EA681E-C7D8-13C7-8484-4AC65E1B71E8}
		{3220ADC0-C2E6-4B16-9B5A-A7081A19CCB3} = {02EA681E-C7D8-13C7-8484-4AC65E1B71E8}
		{EFC2A699-998F-4467-9DB2-D228DE456E3A} = {17EA8234-DF6E-434D-8E72-9473B7B2B793}
		{243E7F20-1804-4BC2-AF8A-C39907FFC641} = {17EA8234-DF6E-434D-8E72-9473B7B2B793}
		{77561B56-0E04-446D-8372-221294C3A9E8} = {17EA8234-DF6E-434D-8E72-9473B7B2B793}
		{9EC3A31D-691D-42EA-A331-1E4E85FAC20D} = {BC6DA3FB-BA2A-4DAA-98CD-2089898ACD77}
		{EE6C93BD-A0E1-41B8-B830-A394C89A5EF5} = {BC6DA3FB-BA2A-4DAA-98CD-2089898ACD77}
		{79119661-F24B-416E-BF75-7E41F5B0B717} = {BC6DA3FB-BA2A-4DAA-98CD-2089898ACD77}
		{A0C08365-433C-47AD-9096-70A1C65A3A29} = {BFA53D55-7AB3-418C-8113-7964287B0E02}
		{31EEF787-6705-4760-8BA8-21840825C904} = {BFA53D55-7AB3-418C-8113-7964287B0E02}
		{0936D490-0011-461A-8799-8E9FDA4D2151} = {BFA53D55-7AB3-418C-8113-7964287B0E02}
		{01400247-49C6-40D8-92AA-1971BFE94B18} = {7965E185-9BD1-4D1B-860E-737DA38293AA}
		{5A516EB6-6C31-450B-8A16-C6EFFAA1C866} = {7965E185-9BD1-4D1B-860E-737DA38293AA}
		{69DB3A1A-0BB6-4728-9AD1-93599309BFAD} = {7965E185-9BD1-4D1B-860E-737DA38293AA}
		{FD0FD856-C300-4F79-998E-D43FFE6B1EA8} = {7A58993A-BE51-4705-8D66-3EDB6B92654A}
		{1192C46A-1169-4CAA-8460-FE727D53C542} = {7A58993A-BE51-4705-8D66-3EDB6B92654A}
		{410D227E-30EC-4DA5-8FAB-30619DB160BD} = {7A58993A-BE51-4705-8D66-3EDB6B92654A}
		{F87739B6-195A-4466-9F9B-5B4DCB3F3367} = {A8DC3BA0-732C-4387-9359-5756831CAE90}
		{48018AD6-06AC-4391-AF68-DE89446C8E4D} = {A8DC3BA0-732C-4387-9359-5756831CAE90}
		{C04E63B3-7AB5-42A0-A527-CDB6ACEDAB4A} = {A8DC3BA0-732C-4387-9359-5756831CAE90}
		{8162C62B-EC93-4354-A3BF-A13C94A2403F} = {7FB17FCA-B55B-455C-8433-DAAA0B83C5B2}
		{45D4293D-EBF9-4202-8D05-AF52700E296E} = {7FB17FCA-B55B-455C-8433-DAAA0B83C5B2}
		{3F144DFF-60EB-4291-B37B-E388C7B6B8BE} = {7FB17FCA-B55B-455C-8433-DAAA0B83C5B2}
	EndGlobalSection
	GlobalSection(ExtensibilityGlobals) = postSolution
		SolutionGuid = {2636B0A6-6CEF-4278-9A43-2A674989F861}
	EndGlobalSection
EndGlobal
